
Microsoft Visual Studio Solution File, Format Version 12.00
# Visual Studio Version 17
VisualStudioVersion = 17.0.31912.275
MinimumVisualStudioVersion = 10.0.40219.1
Project("{2150E333-8FDC-42A3-9474-1A3956D46DE8}") = "Frontend", "Frontend", "{5B271F2B-8954-485D-BDFA-F879CF8417B9}"
EndProject
Project("{FAE04EC0-301F-11D3-BF4B-00C04F79EFBC}") = "GeekShopping.Web", "GeekShopping.Web\GeekShopping.Web.csproj", "{C5D42F79-8B77-412A-B93E-C8968DD40824}"
EndProject
Project("{2150E333-8FDC-42A3-9474-1A3956D46DE8}") = "Services", "Services", "{8D7BBDD0-6E94-4ED2-AADA-E804E489B334}"
EndProject
Project("{FAE04EC0-301F-11D3-BF4B-00C04F79EFBC}") = "GeekShopping.ProductAPI", "GeekShopping.ProductAPI\GeekShopping.ProductAPI.csproj", "{6336397C-5A3D-4079-A132-5198BEF29416}"
EndProject
Global
	GlobalSection(SolutionConfigurationPlatforms) = preSolution
		Debug|Any CPU = Debug|Any CPU
		Release|Any CPU = Release|Any CPU
	EndGlobalSection
	GlobalSection(ProjectConfigurationPlatforms) = postSolution
		{C5D42F79-8B77-412A-B93E-C8968DD40824}.Debug|Any CPU.ActiveCfg = Debug|Any CPU
		{C5D42F79-8B77-412A-B93E-C8968DD40824}.Debug|Any CPU.Build.0 = Debug|Any CPU
		{C5D42F79-8B77-412A-B93E-C8968DD40824}.Release|Any CPU.ActiveCfg = Release|Any CPU
		{C5D42F79-8B77-412A-B93E-C8968DD40824}.Release|Any CPU.Build.0 = Release|Any CPU
		{6336397C-5A3D-4079-A132-5198BEF29416}.Debug|Any CPU.ActiveCfg = Debug|Any CPU
		{6336397C-5A3D-4079-A132-5198BEF29416}.Debug|Any CPU.Build.0 = Debug|Any CPU
		{6336397C-5A3D-4079-A132-5198BEF29416}.Release|Any CPU.ActiveCfg = Release|Any CPU
		{6336397C-5A3D-4079-A132-5198BEF29416}.Release|Any CPU.Build.0 = Release|Any CPU
	EndGlobalSection
	GlobalSection(SolutionProperties) = preSolution
		HideSolutionNode = FALSE
	EndGlobalSection
	GlobalSection(NestedProjects) = preSolution
		{C5D42F79-8B77-412A-B93E-C8968DD40824} = {5B271F2B-8954-485D-BDFA-F879CF8417B9}
		{6336397C-5A3D-4079-A132-5198BEF29416} = {8D7BBDD0-6E94-4ED2-AADA-E804E489B334}
	EndGlobalSection
	GlobalSection(ExtensibilityGlobals) = postSolution
		SolutionGuid = {E02F34E3-E2D4-4C07-969C-632E606A161D}
	EndGlobalSection
EndGlobal
